# THIS IS AN AUTOGENERATED FILE. DO NOT EDIT THIS FILE DIRECTLY.
# yarn lockfile v1


"@hapi/hoek@^9.0.0", "@hapi/hoek@^9.3.0":
  version "9.3.0"
  resolved "https://registry.yarnpkg.com/@hapi/hoek/-/hoek-9.3.0.tgz#8368869dcb735be2e7f5cb7647de78e167a251fb"
  integrity sha512-/c6rf4UJlmHlC9b5BaNvzAcFv7HZ2QHaV0D4/HNlBdvFnvQq8RI4kYdhyPCl7Xj+oWvTWQ8ujhqS53LIgAe6KQ==

"@hapi/topo@^5.1.0":
  version "5.1.0"
  resolved "https://registry.yarnpkg.com/@hapi/topo/-/topo-5.1.0.tgz#dc448e332c6c6e37a4dc02fd84ba8d44b9afb012"
  integrity sha512-foQZKJig7Ob0BMAYBfcJk8d77QtOe7Wo4ox7ff1lQYoNNAb6jwcY1ncdoy2e9wQZzvNy7ODZCYJkK8kzmcAnAg==
  dependencies:
    "@hapi/hoek" "^9.0.0"

"@hookform/resolvers@^3.3.4":
  version "3.3.4"
  resolved "https://registry.yarnpkg.com/@hookform/resolvers/-/resolvers-3.3.4.tgz#de9b668c2835eb06892290192de6e2a5c906229b"
  integrity sha512-o5cgpGOuJYrd+iMKvkttOclgwRW86EsWJZZRC23prf0uU2i48Htq4PuT73AVb9ionFyZrwYEITuOFGF+BydEtQ==

"@remix-run/router@1.15.2":
  version "1.15.2"
  resolved "https://registry.yarnpkg.com/@remix-run/router/-/router-1.15.2.tgz#35726510d332ba5349c6398d13259d5da184553d"
  integrity sha512-+Rnav+CaoTE5QJc4Jcwh5toUpnVLKYbpU6Ys0zqbakqbaLQHeglLVHPfxOiQqdNmUy5C2lXz5dwC6tQNX2JW2Q==

"@sideway/address@^4.1.5":
  version "4.1.5"
  resolved "https://registry.yarnpkg.com/@sideway/address/-/address-4.1.5.tgz#4bc149a0076623ced99ca8208ba780d65a99b9d5"
  integrity sha512-IqO/DUQHUkPeixNQ8n0JA6102hT9CmaljNTPmQ1u8MEhBo/R4Q8eKLN/vGZxuebwOroDB4cbpjheD4+/sKFK4Q==
  dependencies:
    "@hapi/hoek" "^9.0.0"

"@sideway/formula@^3.0.1":
  version "3.0.1"
  resolved "https://registry.yarnpkg.com/@sideway/formula/-/formula-3.0.1.tgz#80fcbcbaf7ce031e0ef2dd29b1bfc7c3f583611f"
  integrity sha512-/poHZJJVjx3L+zVD6g9KgHfYnb443oi7wLu/XKojDviHy6HOEOA6z1Trk5aR1dGcmPenJEgb2sK2I80LeS3MIg==

"@sideway/pinpoint@^2.0.0":
  version "2.0.0"
  resolved "https://registry.yarnpkg.com/@sideway/pinpoint/-/pinpoint-2.0.0.tgz#cff8ffadc372ad29fd3f78277aeb29e632cc70df"
  integrity sha512-RNiOoTPkptFtSVzQevY/yWtZwf/RxyVnPy/OcA9HBM3MlGDnBEYL5B41H0MTn0Uec8Hi+2qUtTfG2WWZBmMejQ==

goober@^2.1.10:
  version "2.1.14"
  resolved "https://registry.yarnpkg.com/goober/-/goober-2.1.14.tgz#4a5c94fc34dc086a8e6035360ae1800005135acd"
  integrity sha512-4UpC0NdGyAFqLNPnhCT2iHpza2q+RAY3GV85a/mRPdzyPQMsj0KmMMuetdIkzWRbJ+Hgau1EZztq8ImmiMGhsg==

joi@^17.12.2:
  version "17.12.2"
  resolved "https://registry.yarnpkg.com/joi/-/joi-17.12.2.tgz#283a664dabb80c7e52943c557aab82faea09f521"
  integrity sha512-RonXAIzCiHLc8ss3Ibuz45u28GOsWE1UpfDXLbN/9NKbL4tCJf8TWYVKsoYuuh+sAUt7fsSNpA+r2+TBA6Wjmw==
  dependencies:
    "@hapi/hoek" "^9.3.0"
    "@hapi/topo" "^5.1.0"
    "@sideway/address" "^4.1.5"
    "@sideway/formula" "^3.0.1"
    "@sideway/pinpoint" "^2.0.0"

react-hook-form@^7.50.1:
  version "7.50.1"
  resolved "https://registry.yarnpkg.com/react-hook-form/-/react-hook-form-7.50.1.tgz#f6aeb17a863327e5a0252de8b35b4fc8990377ed"
  integrity sha512-3PCY82oE0WgeOgUtIr3nYNNtNvqtJ7BZjsbxh6TnYNbXButaD5WpjOmTjdxZfheuHKR68qfeFnEDVYoSSFPMTQ==

react-hot-toast@^2.4.1:
  version "2.4.1"
  resolved "https://registry.yarnpkg.com/react-hot-toast/-/react-hot-toast-2.4.1.tgz#df04295eda8a7b12c4f968e54a61c8d36f4c0994"
  integrity sha512-j8z+cQbWIM5LY37pR6uZR6D4LfseplqnuAO4co4u8917hBUvXlEqyP1ZzqVLcqoyUesZZv/ImreoCeHVDpE5pQ==
  dependencies:
    goober "^2.1.10"

react-router-dom@^6.22.2:
  version "6.22.2"
  resolved "https://registry.yarnpkg.com/react-router-dom/-/react-router-dom-6.22.2.tgz#8233968a8a576f3006e5549c80f3527d2598fc9c"
  integrity sha512-WgqxD2qySEIBPZ3w0sHH+PUAiamDeszls9tzqMPBDA1YYVucTBXLU7+gtRfcSnhe92A3glPnvSxK2dhNoAVOIQ==
  dependencies:
    "@remix-run/router" "1.15.2"
    react-router "6.22.2"

react-router@6.22.2:
  version "6.22.2"
  resolved "https://registry.yarnpkg.com/react-router/-/react-router-6.22.2.tgz#27e77e4c635a5697693b922d131d773451c98a5b"
  integrity sha512-YD3Dzprzpcq+tBMHBS822tCjnWD3iIZbTeSXMY9LPSG541EfoBGyZ3bS25KEnaZjLcmQpw2AVLkFyfgXY8uvcw==
  dependencies:
    "@remix-run/router" "1.15.2"

remixicon@^4.2.0:
  version "4.2.0"
  resolved "https://registry.yarnpkg.com/remixicon/-/remixicon-4.2.0.tgz#2df60b1764b11bb363f796b827ed8e03eab031c4"
  integrity sha512-MF5wApNveRh3n0iMVM+lr2nSWrj/rBbSD2eWapuD9ReYRGs5naAUR1BqVBCHGqm286FIS6zwwmUf96QjHQ9l4w==

use-sync-external-store@1.2.0:
  version "1.2.0"
  resolved "https://registry.yarnpkg.com/use-sync-external-store/-/use-sync-external-store-1.2.0.tgz#7dbefd6ef3fe4e767a0cf5d7287aacfb5846928a"
  integrity sha512-eEgnFxGQ1Ife9bzYs6VLi8/4X6CObHMw9Qr9tPY43iKwsPw8xE8+EFsf/2cFZ5S3esXgpWgtSCtLNS41F+sKPA==

uuid@^9.0.1:
  version "9.0.1"
  resolved "https://registry.yarnpkg.com/uuid/-/uuid-9.0.1.tgz#e188d4c8853cc722220392c424cd637f32293f30"
  integrity sha512-b+1eJOlsR9K8HJpow9Ok3fiWOWSIcIzXodvv0rQjVoOVNpWMpxf1wZNpt4y9h10odCNrqnYp1OBzRktckBe3sA==

zustand@^4.5.1:
  version "4.5.1"
  resolved "https://registry.yarnpkg.com/zustand/-/zustand-4.5.1.tgz#2088956ee454759fb8b866ca335a2373e76736c5"
  integrity sha512-XlauQmH64xXSC1qGYNv00ODaQ3B+tNPoy22jv2diYiP4eoDKr9LA+Bh5Bc3gplTrFdb6JVI+N4kc1DZ/tbtfPg==
  dependencies:
    use-sync-external-store "1.2.0"
